
Microsoft Visual Studio Solution File, Format Version 12.00
# Visual Studio Version 17
VisualStudioVersion = 17.11.35222.181
MinimumVisualStudioVersion = 10.0.40219.1
Project("{2150E333-8FDC-42A3-9474-1A3956D46DE8}") = "Task0", "Task0", "{AACB9B8D-D42D-4664-B39D-AC74370C93F6}"
EndProject
Project("{FAE04EC0-301F-11D3-BF4B-00C04F79EFBC}") = "Tyuiu.ZhukovaYA.Sprint2.Task0.V12", "Tyuiu.ZhukovaYA.Sprint2.Task0.V12\Tyuiu.ZhukovaYA.Sprint2.Task0.V12.csproj", "{632DCAA3-60EB-4D92-B330-6A186BAEFF82}"
EndProject
Project("{FAE04EC0-301F-11D3-BF4B-00C04F79EFBC}") = "Tyuiu.ZhukovaYA.Sprint2.Task0.V12.Lib", "Tyuiu.ZhukovaYA.Sprint2.Task0.V12.Lib\Tyuiu.ZhukovaYA.Sprint2.Task0.V12.Lib.csproj", "{0C4F2A5E-EE65-42C3-A20C-4D2596295B27}"
EndProject
Project("{FAE04EC0-301F-11D3-BF4B-00C04F79EFBC}") = "Tyuiu.ZhukovaYA.Sprint2.Task0.V12.Test", "Tyuiu.ZhukovaYA.Sprint2.Task0.V12.Test\Tyuiu.ZhukovaYA.Sprint2.Task0.V12.Test.csproj", "{921D96EF-7947-443C-B27A-F8CBBC5F167B}"
EndProject
Project("{2150E333-8FDC-42A3-9474-1A3956D46DE8}") = "Task1", "Task1", "{0E5542DF-14DE-4B3C-9368-C9AD4A549839}"
EndProject
Project("{FAE04EC0-301F-11D3-BF4B-00C04F79EFBC}") = "Tyuiu.ZhukovaYA.Sprint2.Task1.V6", "Tyuiu.ZhukovaYA.Sprint2.Task1.V6\Tyuiu.ZhukovaYA.Sprint2.Task1.V6.csproj", "{93E946F3-6453-4971-9454-20955B896327}"
EndProject
Project("{FAE04EC0-301F-11D3-BF4B-00C04F79EFBC}") = "Tyuiu.ZhukovaYA.Sprint2.Task1.V6.Lib", "Tyuiu.ZhukovaYA.Sprint2.Task1.V6.Lib\Tyuiu.ZhukovaYA.Sprint2.Task1.V6.Lib.csproj", "{F6E456A4-60FC-400A-9C60-A0C55E2504BF}"
EndProject
Project("{FAE04EC0-301F-11D3-BF4B-00C04F79EFBC}") = "Tyuiu.ZhukovaYA.Sprint2.Task1.V6.Test", "Tyuiu.ZhukovaYA.Sprint2.Task1.V6.Test\Tyuiu.ZhukovaYA.Sprint2.Task1.V6.Test.csproj", "{3A2EC837-865A-4F85-B1C8-CD4A0C9B9D1A}"
EndProject
Project("{2150E333-8FDC-42A3-9474-1A3956D46DE8}") = "Task2", "Task2", "{A60102BB-A9E5-42C9-B799-3A3973753C4C}"
EndProject
Project("{FAE04EC0-301F-11D3-BF4B-00C04F79EFBC}") = "Tyuiu.ZhukovaYA.Sprint2.Task2.V13", "Tyuiu.ZhukovaYA.Sprint2.Task2.V13\Tyuiu.ZhukovaYA.Sprint2.Task2.V13.csproj", "{EB05EB11-CF1B-4D73-BC6B-1D8D7143D8C4}"
EndProject
Project("{FAE04EC0-301F-11D3-BF4B-00C04F79EFBC}") = "Tyuiu.ZhukovaYA.Sprint2.Task2.V13.Lib", "Tyuiu.ZhukovaYA.Sprint2.Task2.V13.Lib\Tyuiu.ZhukovaYA.Sprint2.Task2.V13.Lib.csproj", "{0AD655E1-298F-4A52-9837-8B0D26D320F5}"
EndProject
Project("{FAE04EC0-301F-11D3-BF4B-00C04F79EFBC}") = "Tyuiu.ZhukovaYA.Sprint2.Task2.V13.Test", "Tyuiu.ZhukovaYA.Sprint2.Task2.V13.Test\Tyuiu.ZhukovaYA.Sprint2.Task2.V13.Test.csproj", "{2AD2B551-4A7A-404E-A1FE-28F7546EBC38}"
EndProject
Project("{2150E333-8FDC-42A3-9474-1A3956D46DE8}") = "Task3", "Task3", "{4FABB54D-3DD9-4826-9B31-03CD6F5B1559}"
EndProject
Project("{FAE04EC0-301F-11D3-BF4B-00C04F79EFBC}") = "Tyuiu.ZhukovaYA.Sprint2.Task3.V17", "Tyuiu.ZhukovaYA.Sprint2.Task3.V17\Tyuiu.ZhukovaYA.Sprint2.Task3.V17.csproj", "{A1CDE4B1-5C4B-4C51-ADF6-1A364F5AEA30}"
EndProject
Project("{FAE04EC0-301F-11D3-BF4B-00C04F79EFBC}") = "Tyuiu.ZhukovaYA.Sprint2.Task3.V17.Lib", "Tyuiu.ZhukovaYA.Sprint2.Task3.V17.Lib\Tyuiu.ZhukovaYA.Sprint2.Task3.V17.Lib.csproj", "{FF989A79-05B9-46F0-A056-0EBEE6A37B86}"
EndProject
Project("{FAE04EC0-301F-11D3-BF4B-00C04F79EFBC}") = "Tyuiu.ZhukovaYA.Sprint2.Task3.V17.Test", "Tyuiu.ZhukovaYA.Sprint2.Task3.V17.Test\Tyuiu.ZhukovaYA.Sprint2.Task3.V17.Test.csproj", "{D2833DE2-2AB3-4EDB-A682-DB5E71F595E2}"
EndProject
Project("{2150E333-8FDC-42A3-9474-1A3956D46DE8}") = "Task4", "Task4", "{C39D768B-9D25-46A3-A7EA-7A9E2494CC78}"
EndProject
Project("{FAE04EC0-301F-11D3-BF4B-00C04F79EFBC}") = "Tyuiu.ZhukovaYA.Sprint2.Task4.V30", "Tyuiu.ZhukovaYA.Sprint2.Task4.V30\Tyuiu.ZhukovaYA.Sprint2.Task4.V30.csproj", "{98F79697-2DAC-463F-A55D-FCC304E88924}"
EndProject
Project("{FAE04EC0-301F-11D3-BF4B-00C04F79EFBC}") = "Tyuiu.ZhukovaYA.Sprint2.Task4.V30.Lib", "Tyuiu.ZhukovaYA.Sprint2.Task4.V30.Lib\Tyuiu.ZhukovaYA.Sprint2.Task4.V30.Lib.csproj", "{04220360-33C3-4AF0-ABA1-7F5F22BCD39D}"
EndProject
Project("{FAE04EC0-301F-11D3-BF4B-00C04F79EFBC}") = "Tyuiu.ZhukovaYA.Sprint2.Task4.V30.Test", "Tyuiu.ZhukovaYA.Sprint2.Task4.V30.Test\Tyuiu.ZhukovaYA.Sprint2.Task4.V30.Test.csproj", "{6D755518-C681-4E9D-9CE7-6BB9518593EF}"
EndProject
Global
	GlobalSection(SolutionProperties) = preSolution
		HideSolutionNode = FALSE
	EndGlobalSection
	GlobalSection(ExtensibilityGlobals) = postSolution
		SolutionGuid = {89C76CEA-4EB3-462D-85B2-36B30B92C086}
	EndGlobalSection
	GlobalSection(SolutionConfigurationPlatforms) = preSolution
		Debug|Any CPU = Debug|Any CPU
		Debug|x64 = Debug|x64
		Debug|x86 = Debug|x86
		Release|Any CPU = Release|Any CPU
		Release|x64 = Release|x64
		Release|x86 = Release|x86
	EndGlobalSection
	GlobalSection(ProjectConfigurationPlatforms) = postSolution
		{632DCAA3-60EB-4D92-B330-6A186BAEFF82}.Debug|Any CPU.ActiveCfg = Debug|Any CPU
		{632DCAA3-60EB-4D92-B330-6A186BAEFF82}.Debug|Any CPU.Build.0 = Debug|Any CPU
		{632DCAA3-60EB-4D92-B330-6A186BAEFF82}.Debug|x64.ActiveCfg = Debug|Any CPU
		{632DCAA3-60EB-4D92-B330-6A186BAEFF82}.Debug|x64.Build.0 = Debug|Any CPU
		{632DCAA3-60EB-4D92-B330-6A186BAEFF82}.Debug|x86.ActiveCfg = Debug|Any CPU
		{632DCAA3-60EB-4D92-B330-6A186BAEFF82}.Debug|x86.Build.0 = Debug|Any CPU
		{632DCAA3-60EB-4D92-B330-6A186BAEFF82}.Release|Any CPU.ActiveCfg = Release|Any CPU
		{632DCAA3-60EB-4D92-B330-6A186BAEFF82}.Release|Any CPU.Build.0 = Release|Any CPU
		{632DCAA3-60EB-4D92-B330-6A186BAEFF82}.Release|x64.ActiveCfg = Release|Any CPU
		{632DCAA3-60EB-4D92-B330-6A186BAEFF82}.Release|x64.Build.0 = Release|Any CPU
		{632DCAA3-60EB-4D92-B330-6A186BAEFF82}.Release|x86.ActiveCfg = Release|Any CPU
		{632DCAA3-60EB-4D92-B330-6A186BAEFF82}.Release|x86.Build.0 = Release|Any CPU
		{0C4F2A5E-EE65-42C3-A20C-4D2596295B27}.Debug|Any CPU.ActiveCfg = Debug|Any CPU
		{0C4F2A5E-EE65-42C3-A20C-4D2596295B27}.Debug|Any CPU.Build.0 = Debug|Any CPU
		{0C4F2A5E-EE65-42C3-A20C-4D2596295B27}.Debug|x64.ActiveCfg = Debug|Any CPU
		{0C4F2A5E-EE65-42C3-A20C-4D2596295B27}.Debug|x64.Build.0 = Debug|Any CPU
		{0C4F2A5E-EE65-42C3-A20C-4D2596295B27}.Debug|x86.ActiveCfg = Debug|Any CPU
		{0C4F2A5E-EE65-42C3-A20C-4D2596295B27}.Debug|x86.Build.0 = Debug|Any CPU
		{0C4F2A5E-EE65-42C3-A20C-4D2596295B27}.Release|Any CPU.ActiveCfg = Release|Any CPU
		{0C4F2A5E-EE65-42C3-A20C-4D2596295B27}.Release|Any CPU.Build.0 = Release|Any CPU
		{0C4F2A5E-EE65-42C3-A20C-4D2596295B27}.Release|x64.ActiveCfg = Release|Any CPU
		{0C4F2A5E-EE65-42C3-A20C-4D2596295B27}.Release|x64.Build.0 = Release|Any CPU
		{0C4F2A5E-EE65-42C3-A20C-4D2596295B27}.Release|x86.ActiveCfg = Release|Any CPU
		{0C4F2A5E-EE65-42C3-A20C-4D2596295B27}.Release|x86.Build.0 = Release|Any CPU
		{921D96EF-7947-443C-B27A-F8CBBC5F167B}.Debug|Any CPU.ActiveCfg = Debug|Any CPU
		{921D96EF-7947-443C-B27A-F8CBBC5F167B}.Debug|Any CPU.Build.0 = Debug|Any CPU
		{921D96EF-7947-443C-B27A-F8CBBC5F167B}.Debug|x64.ActiveCfg = Debug|Any CPU
		{921D96EF-7947-443C-B27A-F8CBBC5F167B}.Debug|x64.Build.0 = Debug|Any CPU
		{921D96EF-7947-443C-B27A-F8CBBC5F167B}.Debug|x86.ActiveCfg = Debug|Any CPU
		{921D96EF-7947-443C-B27A-F8CBBC5F167B}.Debug|x86.Build.0 = Debug|Any CPU
		{921D96EF-7947-443C-B27A-F8CBBC5F167B}.Release|Any CPU.ActiveCfg = Release|Any CPU
		{921D96EF-7947-443C-B27A-F8CBBC5F167B}.Release|Any CPU.Build.0 = Release|Any CPU
		{921D96EF-7947-443C-B27A-F8CBBC5F167B}.Release|x64.ActiveCfg = Release|Any CPU
		{921D96EF-7947-443C-B27A-F8CBBC5F167B}.Release|x64.Build.0 = Release|Any CPU
		{921D96EF-7947-443C-B27A-F8CBBC5F167B}.Release|x86.ActiveCfg = Release|Any CPU
		{921D96EF-7947-443C-B27A-F8CBBC5F167B}.Release|x86.Build.0 = Release|Any CPU
		{93E946F3-6453-4971-9454-20955B896327}.Debug|Any CPU.ActiveCfg = Debug|Any CPU
		{93E946F3-6453-4971-9454-20955B896327}.Debug|Any CPU.Build.0 = Debug|Any CPU
		{93E946F3-6453-4971-9454-20955B896327}.Debug|x64.ActiveCfg = Debug|Any CPU
		{93E946F3-6453-4971-9454-20955B896327}.Debug|x64.Build.0 = Debug|Any CPU
		{93E946F3-6453-4971-9454-20955B896327}.Debug|x86.ActiveCfg = Debug|Any CPU
		{93E946F3-6453-4971-9454-20955B896327}.Debug|x86.Build.0 = Debug|Any CPU
		{93E946F3-6453-4971-9454-20955B896327}.Release|Any CPU.ActiveCfg = Release|Any CPU
		{93E946F3-6453-4971-9454-20955B896327}.Release|Any CPU.Build.0 = Release|Any CPU
		{93E946F3-6453-4971-9454-20955B896327}.Release|x64.ActiveCfg = Release|Any CPU
		{93E946F3-6453-4971-9454-20955B896327}.Release|x64.Build.0 = Release|Any CPU
		{93E946F3-6453-4971-9454-20955B896327}.Release|x86.ActiveCfg = Release|Any CPU
		{93E946F3-6453-4971-9454-20955B896327}.Release|x86.Build.0 = Release|Any CPU
		{F6E456A4-60FC-400A-9C60-A0C55E2504BF}.Debug|Any CPU.ActiveCfg = Debug|Any CPU
		{F6E456A4-60FC-400A-9C60-A0C55E2504BF}.Debug|Any CPU.Build.0 = Debug|Any CPU
		{F6E456A4-60FC-400A-9C60-A0C55E2504BF}.Debug|x64.ActiveCfg = Debug|Any CPU
		{F6E456A4-60FC-400A-9C60-A0C55E2504BF}.Debug|x64.Build.0 = Debug|Any CPU
		{F6E456A4-60FC-400A-9C60-A0C55E2504BF}.Debug|x86.ActiveCfg = Debug|Any CPU
		{F6E456A4-60FC-400A-9C60-A0C55E2504BF}.Debug|x86.Build.0 = Debug|Any CPU
		{F6E456A4-60FC-400A-9C60-A0C55E2504BF}.Release|Any CPU.ActiveCfg = Release|Any CPU
		{F6E456A4-60FC-400A-9C60-A0C55E2504BF}.Release|Any CPU.Build.0 = Release|Any CPU
		{F6E456A4-60FC-400A-9C60-A0C55E2504BF}.Release|x64.ActiveCfg = Release|Any CPU
		{F6E456A4-60FC-400A-9C60-A0C55E2504BF}.Release|x64.Build.0 = Release|Any CPU
		{F6E456A4-60FC-400A-9C60-A0C55E2504BF}.Release|x86.ActiveCfg = Release|Any CPU
		{F6E456A4-60FC-400A-9C60-A0C55E2504BF}.Release|x86.Build.0 = Release|Any CPU
		{3A2EC837-865A-4F85-B1C8-CD4A0C9B9D1A}.Debug|Any CPU.ActiveCfg = Debug|Any CPU
		{3A2EC837-865A-4F85-B1C8-CD4A0C9B9D1A}.Debug|Any CPU.Build.0 = Debug|Any CPU
		{3A2EC837-865A-4F85-B1C8-CD4A0C9B9D1A}.Debug|x64.ActiveCfg = Debug|Any CPU
		{3A2EC837-865A-4F85-B1C8-CD4A0C9B9D1A}.Debug|x64.Build.0 = Debug|Any CPU
		{3A2EC837-865A-4F85-B1C8-CD4A0C9B9D1A}.Debug|x86.ActiveCfg = Debug|Any CPU
		{3A2EC837-865A-4F85-B1C8-CD4A0C9B9D1A}.Debug|x86.Build.0 = Debug|Any CPU
		{3A2EC837-865A-4F85-B1C8-CD4A0C9B9D1A}.Release|Any CPU.ActiveCfg = Release|Any CPU
		{3A2EC837-865A-4F85-B1C8-CD4A0C9B9D1A}.Release|Any CPU.Build.0 = Release|Any CPU
		{3A2EC837-865A-4F85-B1C8-CD4A0C9B9D1A}.Release|x64.ActiveCfg = Release|Any CPU
		{3A2EC837-865A-4F85-B1C8-CD4A0C9B9D1A}.Release|x64.Build.0 = Release|Any CPU
		{3A2EC837-865A-4F85-B1C8-CD4A0C9B9D1A}.Release|x86.ActiveCfg = Release|Any CPU
		{3A2EC837-865A-4F85-B1C8-CD4A0C9B9D1A}.Release|x86.Build.0 = Release|Any CPU
		{EB05EB11-CF1B-4D73-BC6B-1D8D7143D8C4}.Debug|Any CPU.ActiveCfg = Debug|Any CPU
		{EB05EB11-CF1B-4D73-BC6B-1D8D7143D8C4}.Debug|Any CPU.Build.0 = Debug|Any CPU
		{EB05EB11-CF1B-4D73-BC6B-1D8D7143D8C4}.Debug|x64.ActiveCfg = Debug|Any CPU
		{EB05EB11-CF1B-4D73-BC6B-1D8D7143D8C4}.Debug|x64.Build.0 = Debug|Any CPU
		{EB05EB11-CF1B-4D73-BC6B-1D8D7143D8C4}.Debug|x86.ActiveCfg = Debug|Any CPU
		{EB05EB11-CF1B-4D73-BC6B-1D8D7143D8C4}.Debug|x86.Build.0 = Debug|Any CPU
		{EB05EB11-CF1B-4D73-BC6B-1D8D7143D8C4}.Release|Any CPU.ActiveCfg = Release|Any CPU
		{EB05EB11-CF1B-4D73-BC6B-1D8D7143D8C4}.Release|Any CPU.Build.0 = Release|Any CPU
		{EB05EB11-CF1B-4D73-BC6B-1D8D7143D8C4}.Release|x64.ActiveCfg = Release|Any CPU
		{EB05EB11-CF1B-4D73-BC6B-1D8D7143D8C4}.Release|x64.Build.0 = Release|Any CPU
		{EB05EB11-CF1B-4D73-BC6B-1D8D7143D8C4}.Release|x86.ActiveCfg = Release|Any CPU
		{EB05EB11-CF1B-4D73-BC6B-1D8D7143D8C4}.Release|x86.Build.0 = Release|Any CPU
		{0AD655E1-298F-4A52-9837-8B0D26D320F5}.Debug|Any CPU.ActiveCfg = Debug|Any CPU
		{0AD655E1-298F-4A52-9837-8B0D26D320F5}.Debug|Any CPU.Build.0 = Debug|Any CPU
		{0AD655E1-298F-4A52-9837-8B0D26D320F5}.Debug|x64.ActiveCfg = Debug|Any CPU
		{0AD655E1-298F-4A52-9837-8B0D26D320F5}.Debug|x64.Build.0 = Debug|Any CPU
		{0AD655E1-298F-4A52-9837-8B0D26D320F5}.Debug|x86.ActiveCfg = Debug|Any CPU
		{0AD655E1-298F-4A52-9837-8B0D26D320F5}.Debug|x86.Build.0 = Debug|Any CPU
		{0AD655E1-298F-4A52-9837-8B0D26D320F5}.Release|Any CPU.ActiveCfg = Release|Any CPU
		{0AD655E1-298F-4A52-9837-8B0D26D320F5}.Release|Any CPU.Build.0 = Release|Any CPU
		{0AD655E1-298F-4A52-9837-8B0D26D320F5}.Release|x64.ActiveCfg = Release|Any CPU
		{0AD655E1-298F-4A52-9837-8B0D26D320F5}.Release|x64.Build.0 = Release|Any CPU
		{0AD655E1-298F-4A52-9837-8B0D26D320F5}.Release|x86.ActiveCfg = Release|Any CPU
		{0AD655E1-298F-4A52-9837-8B0D26D320F5}.Release|x86.Build.0 = Release|Any CPU
		{2AD2B551-4A7A-404E-A1FE-28F7546EBC38}.Debug|Any CPU.ActiveCfg = Debug|Any CPU
		{2AD2B551-4A7A-404E-A1FE-28F7546EBC38}.Debug|Any CPU.Build.0 = Debug|Any CPU
		{2AD2B551-4A7A-404E-A1FE-28F7546EBC38}.Debug|x64.ActiveCfg = Debug|Any CPU
		{2AD2B551-4A7A-404E-A1FE-28F7546EBC38}.Debug|x64.Build.0 = Debug|Any CPU
		{2AD2B551-4A7A-404E-A1FE-28F7546EBC38}.Debug|x86.ActiveCfg = Debug|Any CPU
		{2AD2B551-4A7A-404E-A1FE-28F7546EBC38}.Debug|x86.Build.0 = Debug|Any CPU
		{2AD2B551-4A7A-404E-A1FE-28F7546EBC38}.Release|Any CPU.ActiveCfg = Release|Any CPU
		{2AD2B551-4A7A-404E-A1FE-28F7546EBC38}.Release|Any CPU.Build.0 = Release|Any CPU
		{2AD2B551-4A7A-404E-A1FE-28F7546EBC38}.Release|x64.ActiveCfg = Release|Any CPU
		{2AD2B551-4A7A-404E-A1FE-28F7546EBC38}.Release|x64.Build.0 = Release|Any CPU
		{2AD2B551-4A7A-404E-A1FE-28F7546EBC38}.Release|x86.ActiveCfg = Release|Any CPU
		{2AD2B551-4A7A-404E-A1FE-28F7546EBC38}.Release|x86.Build.0 = Release|Any CPU
		{A1CDE4B1-5C4B-4C51-ADF6-1A364F5AEA30}.Debug|Any CPU.ActiveCfg = Debug|Any CPU
		{A1CDE4B1-5C4B-4C51-ADF6-1A364F5AEA30}.Debug|Any CPU.Build.0 = Debug|Any CPU
		{A1CDE4B1-5C4B-4C51-ADF6-1A364F5AEA30}.Debug|x64.ActiveCfg = Debug|Any CPU
		{A1CDE4B1-5C4B-4C51-ADF6-1A364F5AEA30}.Debug|x64.Build.0 = Debug|Any CPU
		{A1CDE4B1-5C4B-4C51-ADF6-1A364F5AEA30}.Debug|x86.ActiveCfg = Debug|Any CPU
		{A1CDE4B1-5C4B-4C51-ADF6-1A364F5AEA30}.Debug|x86.Build.0 = Debug|Any CPU
		{A1CDE4B1-5C4B-4C51-ADF6-1A364F5AEA30}.Release|Any CPU.ActiveCfg = Release|Any CPU
		{A1CDE4B1-5C4B-4C51-ADF6-1A364F5AEA30}.Release|Any CPU.Build.0 = Release|Any CPU
		{A1CDE4B1-5C4B-4C51-ADF6-1A364F5AEA30}.Release|x64.ActiveCfg = Release|Any CPU
		{A1CDE4B1-5C4B-4C51-ADF6-1A364F5AEA30}.Release|x64.Build.0 = Release|Any CPU
		{A1CDE4B1-5C4B-4C51-ADF6-1A364F5AEA30}.Release|x86.ActiveCfg = Release|Any CPU
		{A1CDE4B1-5C4B-4C51-ADF6-1A364F5AEA30}.Release|x86.Build.0 = Release|Any CPU
		{FF989A79-05B9-46F0-A056-0EBEE6A37B86}.Debug|Any CPU.ActiveCfg = Debug|Any CPU
		{FF989A79-05B9-46F0-A056-0EBEE6A37B86}.Debug|Any CPU.Build.0 = Debug|Any CPU
		{FF989A79-05B9-46F0-A056-0EBEE6A37B86}.Debug|x64.ActiveCfg = Debug|Any CPU
		{FF989A79-05B9-46F0-A056-0EBEE6A37B86}.Debug|x64.Build.0 = Debug|Any CPU
		{FF989A79-05B9-46F0-A056-0EBEE6A37B86}.Debug|x86.ActiveCfg = Debug|Any CPU
		{FF989A79-05B9-46F0-A056-0EBEE6A37B86}.Debug|x86.Build.0 = Debug|Any CPU
		{FF989A79-05B9-46F0-A056-0EBEE6A37B86}.Release|Any CPU.ActiveCfg = Release|Any CPU
		{FF989A79-05B9-46F0-A056-0EBEE6A37B86}.Release|Any CPU.Build.0 = Release|Any CPU
		{FF989A79-05B9-46F0-A056-0EBEE6A37B86}.Release|x64.ActiveCfg = Release|Any CPU
		{FF989A79-05B9-46F0-A056-0EBEE6A37B86}.Release|x64.Build.0 = Release|Any CPU
		{FF989A79-05B9-46F0-A056-0EBEE6A37B86}.Release|x86.ActiveCfg = Release|Any CPU
		{FF989A79-05B9-46F0-A056-0EBEE6A37B86}.Release|x86.Build.0 = Release|Any CPU
		{D2833DE2-2AB3-4EDB-A682-DB5E71F595E2}.Debug|Any CPU.ActiveCfg = Debug|Any CPU
		{D2833DE2-2AB3-4EDB-A682-DB5E71F595E2}.Debug|Any CPU.Build.0 = Debug|Any CPU
		{D2833DE2-2AB3-4EDB-A682-DB5E71F595E2}.Debug|x64.ActiveCfg = Debug|Any CPU
		{D2833DE2-2AB3-4EDB-A682-DB5E71F595E2}.Debug|x64.Build.0 = Debug|Any CPU
		{D2833DE2-2AB3-4EDB-A682-DB5E71F595E2}.Debug|x86.ActiveCfg = Debug|Any CPU
		{D2833DE2-2AB3-4EDB-A682-DB5E71F595E2}.Debug|x86.Build.0 = Debug|Any CPU
		{D2833DE2-2AB3-4EDB-A682-DB5E71F595E2}.Release|Any CPU.ActiveCfg = Release|Any CPU
		{D2833DE2-2AB3-4EDB-A682-DB5E71F595E2}.Release|Any CPU.Build.0 = Release|Any CPU
		{D2833DE2-2AB3-4EDB-A682-DB5E71F595E2}.Release|x64.ActiveCfg = Release|Any CPU
		{D2833DE2-2AB3-4EDB-A682-DB5E71F595E2}.Release|x64.Build.0 = Release|Any CPU
		{D2833DE2-2AB3-4EDB-A682-DB5E71F595E2}.Release|x86.ActiveCfg = Release|Any CPU
		{D2833DE2-2AB3-4EDB-A682-DB5E71F595E2}.Release|x86.Build.0 = Release|Any CPU
		{98F79697-2DAC-463F-A55D-FCC304E88924}.Debug|Any CPU.ActiveCfg = Debug|Any CPU
		{98F79697-2DAC-463F-A55D-FCC304E88924}.Debug|Any CPU.Build.0 = Debug|Any CPU
		{98F79697-2DAC-463F-A55D-FCC304E88924}.Debug|x64.ActiveCfg = Debug|Any CPU
		{98F79697-2DAC-463F-A55D-FCC304E88924}.Debug|x64.Build.0 = Debug|Any CPU
		{98F79697-2DAC-463F-A55D-FCC304E88924}.Debug|x86.ActiveCfg = Debug|Any CPU
		{98F79697-2DAC-463F-A55D-FCC304E88924}.Debug|x86.Build.0 = Debug|Any CPU
		{98F79697-2DAC-463F-A55D-FCC304E88924}.Release|Any CPU.ActiveCfg = Release|Any CPU
		{98F79697-2DAC-463F-A55D-FCC304E88924}.Release|Any CPU.Build.0 = Release|Any CPU
		{98F79697-2DAC-463F-A55D-FCC304E88924}.Release|x64.ActiveCfg = Release|Any CPU
		{98F79697-2DAC-463F-A55D-FCC304E88924}.Release|x64.Build.0 = Release|Any CPU
		{98F79697-2DAC-463F-A55D-FCC304E88924}.Release|x86.ActiveCfg = Release|Any CPU
		{98F79697-2DAC-463F-A55D-FCC304E88924}.Release|x86.Build.0 = Release|Any CPU
		{04220360-33C3-4AF0-ABA1-7F5F22BCD39D}.Debug|Any CPU.ActiveCfg = Debug|Any CPU
		{04220360-33C3-4AF0-ABA1-7F5F22BCD39D}.Debug|Any CPU.Build.0 = Debug|Any CPU
		{04220360-33C3-4AF0-ABA1-7F5F22BCD39D}.Debug|x64.ActiveCfg = Debug|Any CPU
		{04220360-33C3-4AF0-ABA1-7F5F22BCD39D}.Debug|x64.Build.0 = Debug|Any CPU
		{04220360-33C3-4AF0-ABA1-7F5F22BCD39D}.Debug|x86.ActiveCfg = Debug|Any CPU
		{04220360-33C3-4AF0-ABA1-7F5F22BCD39D}.Debug|x86.Build.0 = Debug|Any CPU
		{04220360-33C3-4AF0-ABA1-7F5F22BCD39D}.Release|Any CPU.ActiveCfg = Release|Any CPU
		{04220360-33C3-4AF0-ABA1-7F5F22BCD39D}.Release|Any CPU.Build.0 = Release|Any CPU
		{04220360-33C3-4AF0-ABA1-7F5F22BCD39D}.Release|x64.ActiveCfg = Release|Any CPU
		{04220360-33C3-4AF0-ABA1-7F5F22BCD39D}.Release|x64.Build.0 = Release|Any CPU
		{04220360-33C3-4AF0-ABA1-7F5F22BCD39D}.Release|x86.ActiveCfg = Release|Any CPU
		{04220360-33C3-4AF0-ABA1-7F5F22BCD39D}.Release|x86.Build.0 = Release|Any CPU
		{6D755518-C681-4E9D-9CE7-6BB9518593EF}.Debug|Any CPU.ActiveCfg = Debug|Any CPU
		{6D755518-C681-4E9D-9CE7-6BB9518593EF}.Debug|Any CPU.Build.0 = Debug|Any CPU
		{6D755518-C681-4E9D-9CE7-6BB9518593EF}.Debug|x64.ActiveCfg = Debug|Any CPU
		{6D755518-C681-4E9D-9CE7-6BB9518593EF}.Debug|x64.Build.0 = Debug|Any CPU
		{6D755518-C681-4E9D-9CE7-6BB9518593EF}.Debug|x86.ActiveCfg = Debug|Any CPU
		{6D755518-C681-4E9D-9CE7-6BB9518593EF}.Debug|x86.Build.0 = Debug|Any CPU
		{6D755518-C681-4E9D-9CE7-6BB9518593EF}.Release|Any CPU.ActiveCfg = Release|Any CPU
		{6D755518-C681-4E9D-9CE7-6BB9518593EF}.Release|Any CPU.Build.0 = Release|Any CPU
		{6D755518-C681-4E9D-9CE7-6BB9518593EF}.Release|x64.ActiveCfg = Release|Any CPU
		{6D755518-C681-4E9D-9CE7-6BB9518593EF}.Release|x64.Build.0 = Release|Any CPU
		{6D755518-C681-4E9D-9CE7-6BB9518593EF}.Release|x86.ActiveCfg = Release|Any CPU
		{6D755518-C681-4E9D-9CE7-6BB9518593EF}.Release|x86.Build.0 = Release|Any CPU
	EndGlobalSection
	GlobalSection(NestedProjects) = preSolution
		{632DCAA3-60EB-4D92-B330-6A186BAEFF82} = {AACB9B8D-D42D-4664-B39D-AC74370C93F6}
		{0C4F2A5E-EE65-42C3-A20C-4D2596295B27} = {AACB9B8D-D42D-4664-B39D-AC74370C93F6}
		{921D96EF-7947-443C-B27A-F8CBBC5F167B} = {AACB9B8D-D42D-4664-B39D-AC74370C93F6}
		{93E946F3-6453-4971-9454-20955B896327} = {0E5542DF-14DE-4B3C-9368-C9AD4A549839}
		{F6E456A4-60FC-400A-9C60-A0C55E2504BF} = {0E5542DF-14DE-4B3C-9368-C9AD4A549839}
		{3A2EC837-865A-4F85-B1C8-CD4A0C9B9D1A} = {0E5542DF-14DE-4B3C-9368-C9AD4A549839}
		{EB05EB11-CF1B-4D73-BC6B-1D8D7143D8C4} = {A60102BB-A9E5-42C9-B799-3A3973753C4C}
		{0AD655E1-298F-4A52-9837-8B0D26D320F5} = {A60102BB-A9E5-42C9-B799-3A3973753C4C}
		{2AD2B551-4A7A-404E-A1FE-28F7546EBC38} = {A60102BB-A9E5-42C9-B799-3A3973753C4C}
		{A1CDE4B1-5C4B-4C51-ADF6-1A364F5AEA30} = {4FABB54D-3DD9-4826-9B31-03CD6F5B1559}
		{FF989A79-05B9-46F0-A056-0EBEE6A37B86} = {4FABB54D-3DD9-4826-9B31-03CD6F5B1559}
		{D2833DE2-2AB3-4EDB-A682-DB5E71F595E2} = {4FABB54D-3DD9-4826-9B31-03CD6F5B1559}
		{98F79697-2DAC-463F-A55D-FCC304E88924} = {C39D768B-9D25-46A3-A7EA-7A9E2494CC78}
		{04220360-33C3-4AF0-ABA1-7F5F22BCD39D} = {C39D768B-9D25-46A3-A7EA-7A9E2494CC78}
		{6D755518-C681-4E9D-9CE7-6BB9518593EF} = {C39D768B-9D25-46A3-A7EA-7A9E2494CC78}
	EndGlobalSection
EndGlobal
